
Microsoft Visual Studio Solution File, Format Version 12.00
# Visual Studio Version 16
VisualStudioVersion = 16.0.33801.447
MinimumVisualStudioVersion = 10.0.40219.1
Project("{FAE04EC0-301F-11D3-BF4B-00C04F79EFBC}") = "PackageExpress", "PackageExpress\PackageExpress.csproj", "{1CD8B4E1-64F4-455C-B657-10DC89058D98}"
EndProject
Global
	GlobalSection(SolutionConfigurationPlatforms) = preSolution
		Debug|Any CPU = Debug|Any CPU
		Release|Any CPU = Release|Any CPU
	EndGlobalSection
	GlobalSection(ProjectConfigurationPlatforms) = postSolution
		{1CD8B4E1-64F4-455C-B657-10DC89058D98}.Debug|Any CPU.ActiveCfg = Debug|Any CPU
		{1CD8B4E1-64F4-455C-B657-10DC89058D98}.Debug|Any CPU.Build.0 = Debug|Any CPU
		{1CD8B4E1-64F4-455C-B657-10DC89058D98}.Release|Any CPU.ActiveCfg = Release|Any CPU
		{1CD8B4E1-64F4-455C-B657-10DC89058D98}.Release|Any CPU.Build.0 = Release|Any CPU
	EndGlobalSection
	GlobalSection(SolutionProperties) = preSolution
		HideSolutionNode = FALSE
	EndGlobalSection
	GlobalSection(ExtensibilityGlobals) = postSolution
		SolutionGuid = {D9243310-A5F7-43B7-A243-4D65CDC03782}
	EndGlobalSection
EndGlobal
